
Microsoft Visual Studio Solution File, Format Version 12.00
# Visual Studio Version 17
VisualStudioVersion = 17.5.33516.290
MinimumVisualStudioVersion = 10.0.40219.1
Project("{FAE04EC0-301F-11D3-BF4B-00C04F79EFBC}") = "ImageTagger", "ImageTagger\ImageTagger.csproj", "{CF562F18-04D6-4C34-8DFE-AF4FC96639E1}"
EndProject
Global
	GlobalSection(SolutionConfigurationPlatforms) = preSolution
		Debug|Any CPU = Debug|Any CPU
		Release|Any CPU = Release|Any CPU
	EndGlobalSection
	GlobalSection(ProjectConfigurationPlatforms) = postSolution
		{CF562F18-04D6-4C34-8DFE-AF4FC96639E1}.Debug|Any CPU.ActiveCfg = Debug|Any CPU
		{CF562F18-04D6-4C34-8DFE-AF4FC96639E1}.Debug|Any CPU.Build.0 = Debug|Any CPU
		{CF562F18-04D6-4C34-8DFE-AF4FC96639E1}.Release|Any CPU.ActiveCfg = Release|Any CPU
		{CF562F18-04D6-4C34-8DFE-AF4FC96639E1}.Release|Any CPU.Build.0 = Release|Any CPU
	EndGlobalSection
	GlobalSection(SolutionProperties) = preSolution
		HideSolutionNode = FALSE
	EndGlobalSection
	GlobalSection(ExtensibilityGlobals) = postSolution
		SolutionGuid = {61A8F502-364F-46FB-AF0C-12E291C0D65D}
	EndGlobalSection
EndGlobal
